
Microsoft Visual Studio Solution File, Format Version 12.00
# Visual Studio 15
VisualStudioVersion = 15.0.28307.438
MinimumVisualStudioVersion = 10.0.40219.1
Project("{FAE04EC0-301F-11D3-BF4B-00C04F79EFBC}") = "HouseRegression", "HouseRegression\HouseRegression.csproj", "{10E92358-DE39-42FE-A16E-33D370B32D7C}"
EndProject
Global
	GlobalSection(SolutionConfigurationPlatforms) = preSolution
		Debug|Any CPU = Debug|Any CPU
		Release|Any CPU = Release|Any CPU
	EndGlobalSection
	GlobalSection(ProjectConfigurationPlatforms) = postSolution
		{10E92358-DE39-42FE-A16E-33D370B32D7C}.Debug|Any CPU.ActiveCfg = Debug|Any CPU
		{10E92358-DE39-42FE-A16E-33D370B32D7C}.Debug|Any CPU.Build.0 = Debug|Any CPU
		{10E92358-DE39-42FE-A16E-33D370B32D7C}.Release|Any CPU.ActiveCfg = Release|Any CPU
		{10E92358-DE39-42FE-A16E-33D370B32D7C}.Release|Any CPU.Build.0 = Release|Any CPU
	EndGlobalSection
	GlobalSection(SolutionProperties) = preSolution
		HideSolutionNode = FALSE
	EndGlobalSection
	GlobalSection(ExtensibilityGlobals) = postSolution
		SolutionGuid = {8787C256-EB11-4430-9E4A-43F411211F34}
	EndGlobalSection
EndGlobal
